// !$*UTF8*$!
{
	archiveVersion = 1;
	classes = {
	};
	objectVersion = 56;
	objects = {

/* Begin PBXBuildFile section */
		401FBAE528F586E900DAAD69 /* Data.swift in Sources */ = {isa = PBXBuildFile; fileRef = 401FBAE428F586E900DAAD69 /* Data.swift */; };
		405BD33328EC44130057A8B9 /* ProfitHealApp.swift in Sources */ = {isa = PBXBuildFile; fileRef = 405BD33228EC44130057A8B9 /* ProfitHealApp.swift */; };
		405BD33528EC44130057A8B9 /* ContentView.swift in Sources */ = {isa = PBXBuildFile; fileRef = 405BD33428EC44130057A8B9 /* ContentView.swift */; };
		405BD33728EC44140057A8B9 /* Assets.xcassets in Resources */ = {isa = PBXBuildFile; fileRef = 405BD33628EC44140057A8B9 /* Assets.xcassets */; };
		405BD33A28EC44140057A8B9 /* Preview Assets.xcassets in Resources */ = {isa = PBXBuildFile; fileRef = 405BD33928EC44140057A8B9 /* Preview Assets.xcassets */; };
		40ED647828F1AF3B006BF821 /* SymptomRow.swift in Sources */ = {isa = PBXBuildFile; fileRef = 40ED647728F1AF3B006BF821 /* SymptomRow.swift */; };
		40ED647B28F1B509006BF821 /* SymptomList.swift in Sources */ = {isa = PBXBuildFile; fileRef = 40ED647A28F1B509006BF821 /* SymptomList.swift */; };
		40ED648328F1C9BC006BF821 /* SymptomStates.swift in Sources */ = {isa = PBXBuildFile; fileRef = 40ED648228F1C9BC006BF821 /* SymptomStates.swift */; };
		40ED648528F1C9F6006BF821 /* Report.swift in Sources */ = {isa = PBXBuildFile; fileRef = 40ED648428F1C9F6006BF821 /* Report.swift */; };
		40ED648828F1CA91006BF821 /* Symptom.swift in Sources */ = {isa = PBXBuildFile; fileRef = 40ED648728F1CA91006BF821 /* Symptom.swift */; };
		40ED648A28F1CD9C006BF821 /* AccountView.swift in Sources */ = {isa = PBXBuildFile; fileRef = 40ED648928F1CD9C006BF821 /* AccountView.swift */; };
		40ED648D28F2CCAF006BF821 /* HomeView.swift in Sources */ = {isa = PBXBuildFile; fileRef = 40ED648C28F2CCAF006BF821 /* HomeView.swift */; };
		40ED649228F4C66A006BF821 /* ReportRow.swift in Sources */ = {isa = PBXBuildFile; fileRef = 40ED649128F4C66A006BF821 /* ReportRow.swift */; };
		40ED649428F4C899006BF821 /* ReportList.swift in Sources */ = {isa = PBXBuildFile; fileRef = 40ED649328F4C899006BF821 /* ReportList.swift */; };
/* End PBXBuildFile section */

/* Begin PBXFileReference section */
		401FBAE428F586E900DAAD69 /* Data.swift */ = {isa = PBXFileReference; lastKnownFileType = sourcecode.swift; path = Data.swift; sourceTree = "<group>"; };
		405BD32F28EC44130057A8B9 /* ProfitHeal.app */ = {isa = PBXFileReference; explicitFileType = wrapper.application; includeInIndex = 0; path = ProfitHeal.app; sourceTree = BUILT_PRODUCTS_DIR; };
		405BD33228EC44130057A8B9 /* ProfitHealApp.swift */ = {isa = PBXFileReference; lastKnownFileType = sourcecode.swift; path = ProfitHealApp.swift; sourceTree = "<group>"; };
		405BD33428EC44130057A8B9 /* ContentView.swift */ = {isa = PBXFileReference; lastKnownFileType = sourcecode.swift; path = ContentView.swift; sourceTree = "<group>"; };
		405BD33628EC44140057A8B9 /* Assets.xcassets */ = {isa = PBXFileReference; lastKnownFileType = folder.assetcatalog; path = Assets.xcassets; sourceTree = "<group>"; };
		405BD33928EC44140057A8B9 /* Preview Assets.xcassets */ = {isa = PBXFileReference; lastKnownFileType = folder.assetcatalog; path = "Preview Assets.xcassets"; sourceTree = "<group>"; };
		40ED647728F1AF3B006BF821 /* SymptomRow.swift */ = {isa = PBXFileReference; lastKnownFileType = sourcecode.swift; path = SymptomRow.swift; sourceTree = "<group>"; };
		40ED647A28F1B509006BF821 /* SymptomList.swift */ = {isa = PBXFileReference; lastKnownFileType = sourcecode.swift; path = SymptomList.swift; sourceTree = "<group>"; };
		40ED648228F1C9BC006BF821 /* SymptomStates.swift */ = {isa = PBXFileReference; lastKnownFileType = sourcecode.swift; path = SymptomStates.swift; sourceTree = "<group>"; };
		40ED648428F1C9F6006BF821 /* Report.swift */ = {isa = PBXFileReference; lastKnownFileType = sourcecode.swift; path = Report.swift; sourceTree = "<group>"; };
		40ED648728F1CA91006BF821 /* Symptom.swift */ = {isa = PBXFileReference; lastKnownFileType = sourcecode.swift; path = Symptom.swift; sourceTree = "<group>"; };
		40ED648928F1CD9C006BF821 /* AccountView.swift */ = {isa = PBXFileReference; lastKnownFileType = sourcecode.swift; path = AccountView.swift; sourceTree = "<group>"; };
		40ED648C28F2CCAF006BF821 /* HomeView.swift */ = {isa = PBXFileReference; lastKnownFileType = sourcecode.swift; path = HomeView.swift; sourceTree = "<group>"; };
		40ED649128F4C66A006BF821 /* ReportRow.swift */ = {isa = PBXFileReference; lastKnownFileType = sourcecode.swift; path = ReportRow.swift; sourceTree = "<group>"; };
		40ED649328F4C899006BF821 /* ReportList.swift */ = {isa = PBXFileReference; lastKnownFileType = sourcecode.swift; path = ReportList.swift; sourceTree = "<group>"; };
/* End PBXFileReference section */

/* Begin PBXFrameworksBuildPhase section */
		405BD32C28EC44130057A8B9 /* Frameworks */ = {
			isa = PBXFrameworksBuildPhase;
			buildActionMask = 2147483647;
			files = (
			);
			runOnlyForDeploymentPostprocessing = 0;
		};
/* End PBXFrameworksBuildPhase section */

/* Begin PBXGroup section */
		401FBAE328F586DD00DAAD69 /* Data */ = {
			isa = PBXGroup;
			children = (
				401FBAE428F586E900DAAD69 /* Data.swift */,
			);
			path = Data;
			sourceTree = "<group>";
		};
		405BD32628EC44130057A8B9 = {
			isa = PBXGroup;
			children = (
				405BD33128EC44130057A8B9 /* ProfitHeal */,
				405BD33028EC44130057A8B9 /* Products */,
			);
			sourceTree = "<group>";
		};
		405BD33028EC44130057A8B9 /* Products */ = {
			isa = PBXGroup;
			children = (
				405BD32F28EC44130057A8B9 /* ProfitHeal.app */,
			);
			name = Products;
			sourceTree = "<group>";
		};
		405BD33128EC44130057A8B9 /* ProfitHeal */ = {
			isa = PBXGroup;
			children = (
				405BD33228EC44130057A8B9 /* ProfitHealApp.swift */,
				40ED648128F1C9A3006BF821 /* Models */,
				40ED647628F1AF23006BF821 /* Views */,
				401FBAE328F586DD00DAAD69 /* Data */,
				405BD33628EC44140057A8B9 /* Assets.xcassets */,
				405BD33828EC44140057A8B9 /* Preview Content */,
			);
			path = ProfitHeal;
			sourceTree = "<group>";
		};
		405BD33828EC44140057A8B9 /* Preview Content */ = {
			isa = PBXGroup;
			children = (
				405BD33928EC44140057A8B9 /* Preview Assets.xcassets */,
			);
			path = "Preview Content";
			sourceTree = "<group>";
		};
		40ED647628F1AF23006BF821 /* Views */ = {
			isa = PBXGroup;
			children = (
				405BD33428EC44130057A8B9 /* ContentView.swift */,
				40ED648E28F4C496006BF821 /* Home */,
				40ED647928F1B3BA006BF821 /* Report */,
				40ED648B28F1CF1D006BF821 /* Account */,
			);
			path = Views;
			sourceTree = "<group>";
		};
		40ED647928F1B3BA006BF821 /* Report */ = {
			isa = PBXGroup;
			children = (
				40ED649128F4C66A006BF821 /* ReportRow.swift */,
				40ED649328F4C899006BF821 /* ReportList.swift */,
			);
			path = Report;
			sourceTree = "<group>";
		};
		40ED648128F1C9A3006BF821 /* Models */ = {
			isa = PBXGroup;
			children = (
				40ED648228F1C9BC006BF821 /* SymptomStates.swift */,
				40ED648428F1C9F6006BF821 /* Report.swift */,
				40ED648728F1CA91006BF821 /* Symptom.swift */,
			);
			path = Models;
			sourceTree = "<group>";
		};
		40ED648B28F1CF1D006BF821 /* Account */ = {
			isa = PBXGroup;
			children = (
				40ED648928F1CD9C006BF821 /* AccountView.swift */,
			);
			path = Account;
			sourceTree = "<group>";
		};
		40ED648E28F4C496006BF821 /* Home */ = {
			isa = PBXGroup;
			children = (
				40ED648C28F2CCAF006BF821 /* HomeView.swift */,
				40ED647728F1AF3B006BF821 /* SymptomRow.swift */,
				40ED647A28F1B509006BF821 /* SymptomList.swift */,
			);
			path = Home;
			sourceTree = "<group>";
		};
/* End PBXGroup section */

/* Begin PBXNativeTarget section */
		405BD32E28EC44130057A8B9 /* ProfitHeal */ = {
			isa = PBXNativeTarget;
			buildConfigurationList = 405BD33D28EC44140057A8B9 /* Build configuration list for PBXNativeTarget "ProfitHeal" */;
			buildPhases = (
				405BD32B28EC44130057A8B9 /* Sources */,
				405BD32C28EC44130057A8B9 /* Frameworks */,
				405BD32D28EC44130057A8B9 /* Resources */,
			);
			buildRules = (
			);
			dependencies = (
			);
			name = ProfitHeal;
			productName = ProfitHeal;
			productReference = 405BD32F28EC44130057A8B9 /* ProfitHeal.app */;
			productType = "com.apple.product-type.application";
		};
/* End PBXNativeTarget section */

/* Begin PBXProject section */
		405BD32728EC44130057A8B9 /* Project object */ = {
			isa = PBXProject;
			attributes = {
				BuildIndependentTargetsInParallel = 1;
				LastSwiftUpdateCheck = 1400;
				LastUpgradeCheck = 1400;
				TargetAttributes = {
					405BD32E28EC44130057A8B9 = {
						CreatedOnToolsVersion = 14.0.1;
					};
				};
			};
			buildConfigurationList = 405BD32A28EC44130057A8B9 /* Build configuration list for PBXProject "ProfitHeal" */;
			compatibilityVersion = "Xcode 14.0";
			developmentRegion = en;
			hasScannedForEncodings = 0;
			knownRegions = (
				en,
				Base,
			);
			mainGroup = 405BD32628EC44130057A8B9;
			productRefGroup = 405BD33028EC44130057A8B9 /* Products */;
			projectDirPath = "";
			projectRoot = "";
			targets = (
				405BD32E28EC44130057A8B9 /* ProfitHeal */,
			);
		};
/* End PBXProject section */

/* Begin PBXResourcesBuildPhase section */
		405BD32D28EC44130057A8B9 /* Resources */ = {
			isa = PBXResourcesBuildPhase;
			buildActionMask = 2147483647;
			files = (
				405BD33A28EC44140057A8B9 /* Preview Assets.xcassets in Resources */,
				405BD33728EC44140057A8B9 /* Assets.xcassets in Resources */,
			);
			runOnlyForDeploymentPostprocessing = 0;
		};
/* End PBXResourcesBuildPhase section */

/* Begin PBXSourcesBuildPhase section */
		405BD32B28EC44130057A8B9 /* Sources */ = {
			isa = PBXSourcesBuildPhase;
			buildActionMask = 2147483647;
			files = (
				40ED649428F4C899006BF821 /* ReportList.swift in Sources */,
				40ED647828F1AF3B006BF821 /* SymptomRow.swift in Sources */,
				40ED648828F1CA91006BF821 /* Symptom.swift in Sources */,
				40ED648328F1C9BC006BF821 /* SymptomStates.swift in Sources */,
				40ED648528F1C9F6006BF821 /* Report.swift in Sources */,
				40ED647B28F1B509006BF821 /* SymptomList.swift in Sources */,
				401FBAE528F586E900DAAD69 /* Data.swift in Sources */,
				40ED649228F4C66A006BF821 /* ReportRow.swift in Sources */,
				405BD33528EC44130057A8B9 /* ContentView.swift in Sources */,
				40ED648D28F2CCAF006BF821 /* HomeView.swift in Sources */,
				40ED648A28F1CD9C006BF821 /* AccountView.swift in Sources */,
				405BD33328EC44130057A8B9 /* ProfitHealApp.swift in Sources */,
			);
			runOnlyForDeploymentPostprocessing = 0;
		};
/* End PBXSourcesBuildPhase section */

/* Begin XCBuildConfiguration section */
		405BD33B28EC44140057A8B9 /* Debug */ = {
			isa = XCBuildConfiguration;
			buildSettings = {
				ALWAYS_SEARCH_USER_PATHS = NO;
				CLANG_ANALYZER_NONNULL = YES;
				CLANG_ANALYZER_NUMBER_OBJECT_CONVERSION = YES_AGGRESSIVE;
				CLANG_CXX_LANGUAGE_STANDARD = "gnu++20";
				CLANG_ENABLE_MODULES = YES;
				CLANG_ENABLE_OBJC_ARC = YES;
				CLANG_ENABLE_OBJC_WEAK = YES;
				CLANG_WARN_BLOCK_CAPTURE_AUTORELEASING = YES;
				CLANG_WARN_BOOL_CONVERSION = YES;
				CLANG_WARN_COMMA = YES;
				CLANG_WARN_CONSTANT_CONVERSION = YES;
				CLANG_WARN_DEPRECATED_OBJC_IMPLEMENTATIONS = YES;
				CLANG_WARN_DIRECT_OBJC_ISA_USAGE = YES_ERROR;
				CLANG_WARN_DOCUMENTATION_COMMENTS = YES;
				CLANG_WARN_EMPTY_BODY = YES;
				CLANG_WARN_ENUM_CONVERSION = YES;
				CLANG_WARN_INFINITE_RECURSION = YES;
				CLANG_WARN_INT_CONVERSION = YES;
				CLANG_WARN_NON_LITERAL_NULL_CONVERSION = YES;
				CLANG_WARN_OBJC_IMPLICIT_RETAIN_SELF = YES;
				CLANG_WARN_OBJC_LITERAL_CONVERSION = YES;
				CLANG_WARN_OBJC_ROOT_CLASS = YES_ERROR;
				CLANG_WARN_QUOTED_INCLUDE_IN_FRAMEWORK_HEADER = YES;
				CLANG_WARN_RANGE_LOOP_ANALYSIS = YES;
				CLANG_WARN_STRICT_PROTOTYPES = YES;
				CLANG_WARN_SUSPICIOUS_MOVE = YES;
				CLANG_WARN_UNGUARDED_AVAILABILITY = YES_AGGRESSIVE;
				CLANG_WARN_UNREACHABLE_CODE = YES;
				CLANG_WARN__DUPLICATE_METHOD_MATCH = YES;
				COPY_PHASE_STRIP = NO;
				DEBUG_INFORMATION_FORMAT = dwarf;
				ENABLE_STRICT_OBJC_MSGSEND = YES;
				ENABLE_TESTABILITY = YES;
				GCC_C_LANGUAGE_STANDARD = gnu11;
				GCC_DYNAMIC_NO_PIC = NO;
				GCC_NO_COMMON_BLOCKS = YES;
				GCC_OPTIMIZATION_LEVEL = 0;
				GCC_PREPROCESSOR_DEFINITIONS = (
					"DEBUG=1",
					"$(inherited)",
				);
				GCC_WARN_64_TO_32_BIT_CONVERSION = YES;
				GCC_WARN_ABOUT_RETURN_TYPE = YES_ERROR;
				GCC_WARN_UNDECLARED_SELECTOR = YES;
				GCC_WARN_UNINITIALIZED_AUTOS = YES_AGGRESSIVE;
				GCC_WARN_UNUSED_FUNCTION = YES;
				GCC_WARN_UNUSED_VARIABLE = YES;
				IPHONEOS_DEPLOYMENT_TARGET = 12.0;
				MTL_ENABLE_DEBUG_INFO = INCLUDE_SOURCE;
				MTL_FAST_MATH = YES;
				ONLY_ACTIVE_ARCH = YES;
				SDKROOT = iphoneos;
				SWIFT_ACTIVE_COMPILATION_CONDITIONS = DEBUG;
				SWIFT_OPTIMIZATION_LEVEL = "-Onone";
			};
			name = Debug;
		};
		405BD33C28EC44140057A8B9 /* Release */ = {
			isa = XCBuildConfiguration;
			buildSettings = {
				ALWAYS_SEARCH_USER_PATHS = NO;
				CLANG_ANALYZER_NONNULL = YES;
				CLANG_ANALYZER_NUMBER_OBJECT_CONVERSION = YES_AGGRESSIVE;
				CLANG_CXX_LANGUAGE_STANDARD = "gnu++20";
				CLANG_ENABLE_MODULES = YES;
				CLANG_ENABLE_OBJC_ARC = YES;
				CLANG_ENABLE_OBJC_WEAK = YES;
				CLANG_WARN_BLOCK_CAPTURE_AUTORELEASING = YES;
				CLANG_WARN_BOOL_CONVERSION = YES;
				CLANG_WARN_COMMA = YES;
				CLANG_WARN_CONSTANT_CONVERSION = YES;
				CLANG_WARN_DEPRECATED_OBJC_IMPLEMENTATIONS = YES;
				CLANG_WARN_DIRECT_OBJC_ISA_USAGE = YES_ERROR;
				CLANG_WARN_DOCUMENTATION_COMMENTS = YES;
				CLANG_WARN_EMPTY_BODY = YES;
				CLANG_WARN_ENUM_CONVERSION = YES;
				CLANG_WARN_INFINITE_RECURSION = YES;
				CLANG_WARN_INT_CONVERSION = YES;
				CLANG_WARN_NON_LITERAL_NULL_CONVERSION = YES;
				CLANG_WARN_OBJC_IMPLICIT_RETAIN_SELF = YES;
				CLANG_WARN_OBJC_LITERAL_CONVERSION = YES;
				CLANG_WARN_OBJC_ROOT_CLASS = YES_ERROR;
				CLANG_WARN_QUOTED_INCLUDE_IN_FRAMEWORK_HEADER = YES;
				CLANG_WARN_RANGE_LOOP_ANALYSIS = YES;
				CLANG_WARN_STRICT_PROTOTYPES = YES;
				CLANG_WARN_SUSPICIOUS_MOVE = YES;
				CLANG_WARN_UNGUARDED_AVAILABILITY = YES_AGGRESSIVE;
				CLANG_WARN_UNREACHABLE_CODE = YES;
				CLANG_WARN__DUPLICATE_METHOD_MATCH = YES;
				COPY_PHASE_STRIP = NO;
				DEBUG_INFORMATION_FORMAT = "dwarf-with-dsym";
				ENABLE_NS_ASSERTIONS = NO;
				ENABLE_STRICT_OBJC_MSGSEND = YES;
				GCC_C_LANGUAGE_STANDARD = gnu11;
				GCC_NO_COMMON_BLOCKS = YES;
				GCC_WARN_64_TO_32_BIT_CONVERSION = YES;
				GCC_WARN_ABOUT_RETURN_TYPE = YES_ERROR;
				GCC_WARN_UNDECLARED_SELECTOR = YES;
				GCC_WARN_UNINITIALIZED_AUTOS = YES_AGGRESSIVE;
				GCC_WARN_UNUSED_FUNCTION = YES;
				GCC_WARN_UNUSED_VARIABLE = YES;
				IPHONEOS_DEPLOYMENT_TARGET = 12.0;
				MTL_ENABLE_DEBUG_INFO = NO;
				MTL_FAST_MATH = YES;
				SDKROOT = iphoneos;
				SWIFT_COMPILATION_MODE = wholemodule;
				SWIFT_OPTIMIZATION_LEVEL = "-O";
				VALIDATE_PRODUCT = YES;
			};
			name = Release;
		};
		405BD33E28EC44140057A8B9 /* Debug */ = {
			isa = XCBuildConfiguration;
			buildSettings = {
				ASSETCATALOG_COMPILER_APPICON_NAME = AppIcon;
				ASSETCATALOG_COMPILER_GLOBAL_ACCENT_COLOR_NAME = AccentColor;
				CODE_SIGN_STYLE = Automatic;
				CURRENT_PROJECT_VERSION = 1;
				DEVELOPMENT_ASSET_PATHS = "\"ProfitHeal/Preview Content\"";
				DEVELOPMENT_TEAM = 3HB4642984;
				ENABLE_PREVIEWS = YES;
				GENERATE_INFOPLIST_FILE = YES;
				INFOPLIST_KEY_CFBundleDisplayName = ProfitHeal;
				INFOPLIST_KEY_LSApplicationCategoryType = "public.app-category.healthcare-fitness";
				INFOPLIST_KEY_UIApplicationSceneManifest_Generation = YES;
				INFOPLIST_KEY_UIApplicationSupportsIndirectInputEvents = YES;
				INFOPLIST_KEY_UILaunchScreen_Generation = YES;
				INFOPLIST_KEY_UIRequiresFullScreen = YES;
				INFOPLIST_KEY_UISupportedInterfaceOrientations = UIInterfaceOrientationPortrait;
				INFOPLIST_KEY_UISupportedInterfaceOrientations_iPad = "UIInterfaceOrientationPortrait UIInterfaceOrientationPortraitUpsideDown";
				IPHONEOS_DEPLOYMENT_TARGET = 14.0;
				LD_RUNPATH_SEARCH_PATHS = (
					"$(inherited)",
					"@executable_path/Frameworks",
				);
				MARKETING_VERSION = 0.1.1;
				PRODUCT_BUNDLE_IDENTIFIER = cimran2001.ProfitHeal;
				PRODUCT_NAME = "$(TARGET_NAME)";
				SWIFT_EMIT_LOC_STRINGS = YES;
				SWIFT_VERSION = 5.0;
				TARGETED_DEVICE_FAMILY = "1,2";
			};
			name = Debug;
		};
		405BD33F28EC44140057A8B9 /* Release */ = {
			isa = XCBuildConfiguration;
			buildSettings = {
				ASSETCATALOG_COMPILER_APPICON_NAME = AppIcon;
				ASSETCATALOG_COMPILER_GLOBAL_ACCENT_COLOR_NAME = AccentColor;
				CODE_SIGN_STYLE = Automatic;
				CURRENT_PROJECT_VERSION = 1;
				DEVELOPMENT_ASSET_PATHS = "\"ProfitHeal/Preview Content\"";
				DEVELOPMENT_TEAM = 3HB4642984;
				ENABLE_PREVIEWS = YES;
				GENERATE_INFOPLIST_FILE = YES;
				INFOPLIST_KEY_CFBundleDisplayName = ProfitHeal;
				INFOPLIST_KEY_LSApplicationCategoryType = "public.app-category.healthcare-fitness";
				INFOPLIST_KEY_UIApplicationSceneManifest_Generation = YES;
				INFOPLIST_KEY_UIApplicationSupportsIndirectInputEvents = YES;
				INFOPLIST_KEY_UILaunchScreen_Generation = YES;
				INFOPLIST_KEY_UIRequiresFullScreen = YES;
				INFOPLIST_KEY_UISupportedInterfaceOrientations = UIInterfaceOrientationPortrait;
				INFOPLIST_KEY_UISupportedInterfaceOrientations_iPad = "UIInterfaceOrientationPortrait UIInterfaceOrientationPortraitUpsideDown";
				IPHONEOS_DEPLOYMENT_TARGET = 14.0;
				LD_RUNPATH_SEARCH_PATHS = (
					"$(inherited)",
					"@executable_path/Frameworks",
				);
				MARKETING_VERSION = 0.1.1;
				PRODUCT_BUNDLE_IDENTIFIER = cimran2001.ProfitHeal;
				PRODUCT_NAME = "$(TARGET_NAME)";
				SWIFT_EMIT_LOC_STRINGS = YES;
				SWIFT_VERSION = 5.0;
				TARGETED_DEVICE_FAMILY = "1,2";
			};
			name = Release;
		};
/* End XCBuildConfiguration section */

/* Begin XCConfigurationList section */
		405BD32A28EC44130057A8B9 /* Build configuration list for PBXProject "ProfitHeal" */ = {
			isa = XCConfigurationList;
			buildConfigurations = (
				405BD33B28EC44140057A8B9 /* Debug */,
				405BD33C28EC44140057A8B9 /* Release */,
			);
			defaultConfigurationIsVisible = 0;
			defaultConfigurationName = Release;
		};
		405BD33D28EC44140057A8B9 /* Build configuration list for PBXNativeTarget "ProfitHeal" */ = {
			isa = XCConfigurationList;
			buildConfigurations = (
				405BD33E28EC44140057A8B9 /* Debug */,
				405BD33F28EC44140057A8B9 /* Release */,
			);
			defaultConfigurationIsVisible = 0;
			defaultConfigurationName = Release;
		};
/* End XCConfigurationList section */
	};
	rootObject = 405BD32728EC44130057A8B9 /* Project object */;
}
